<?xml version="1.0" encoding="utf-8"?>
<Project ToolsVersion="4.0" xmlns="http://schemas.microsoft.com/developer/msbuild/2003">
  <ItemGroup>
    <Filter Include="ソース ファイル">
      <UniqueIdentifier>{4FC737F1-C7A5-4376-A066-2A32D752A2FF}</UniqueIdentifier>
      <Extensions>cpp;c;cc;cxx;def;odl;idl;hpj;bat;asm;asmx</Extensions>
    </Filter>
    <Filter Include="ヘッダー ファイル">
      <UniqueIdentifier>{93995380-89BD-4b04-88EB-625FBE52EBFB}</UniqueIdentifier>
      <Extensions>h;hh;hpp;hxx;hm;inl;inc;ipp;xsd</Extensions>
    </Filter>
    <Filter Include="リソース ファイル">
      <UniqueIdentifier>{67DA6AB6-F800-4c08-8B7A-83BB121AAD01}</UniqueIdentifier>
      <Extensions>rc;ico;cur;bmp;dlg;rc2;rct;bin;rgs;gif;jpg;jpeg;jpe;resx;tiff;tif;png;wav;mfcribbon-ms</Extensions>
    </Filter>
  </ItemGroup>
  <ItemGroup>
    <ClCompile Include="main_cpp\Actors\Actor.cpp">
      <Filter>ソース ファイル</Filter>
    </ClCompile>
    <ClCompile Include="main_cpp\Components\CameraComponent.cpp">
      <Filter>ソース ファイル</Filter>
    </ClCompile>
    <ClCompile Include="main_cpp\Components\MoveComponent.cpp">
      <Filter>ソース ファイル</Filter>
    </ClCompile>
    <ClCompile Include="main_cpp\Components\Component.cpp">
      <Filter>ソース ファイル</Filter>
    </ClCompile>
    <ClCompile Include="main_cpp\Components\FPSCamera.cpp">
      <Filter>ソース ファイル</Filter>
    </ClCompile>
    <ClCompile Include="main_cpp\Object\WallNotes.cpp">
      <Filter>ソース ファイル</Filter>
    </ClCompile>
    <ClCompile Include="main_cpp\Object\DialogBox.cpp">
      <Filter>ソース ファイル</Filter>
    </ClCompile>
    <ClCompile Include="main_cpp\Object\Font.cpp">
      <Filter>ソース ファイル</Filter>
    </ClCompile>
    <ClCompile Include="main_cpp\Object\FPSActor.cpp">
      <Filter>ソース ファイル</Filter>
    </ClCompile>
    <ClCompile Include="main_cpp\Object\InputSystem.cpp">
      <Filter>ソース ファイル</Filter>
    </ClCompile>
    <ClCompile Include="main_cpp\Object\JacketUI.cpp">
      <Filter>ソース ファイル</Filter>
    </ClCompile>
    <ClCompile Include="main_cpp\Object\LongNotes.cpp">
      <Filter>ソース ファイル</Filter>
    </ClCompile>
    <ClCompile Include="main_cpp\Object\MainScreen.cpp">
      <Filter>ソース ファイル</Filter>
    </ClCompile>
    <ClCompile Include="main_cpp\Object\MainUI.cpp">
      <Filter>ソース ファイル</Filter>
    </ClCompile>
    <ClCompile Include="main_cpp\Object\notes.cpp">
      <Filter>ソース ファイル</Filter>
    </ClCompile>
    <ClCompile Include="main_cpp\Object\ObjectSampler.cpp">
      <Filter>ソース ファイル</Filter>
    </ClCompile>
    <ClCompile Include="main_cpp\Object\PauseMenu.cpp">
      <Filter>ソース ファイル</Filter>
    </ClCompile>
    <ClCompile Include="main_cpp\Object\Player.cpp">
      <Filter>ソース ファイル</Filter>
    </ClCompile>
    <ClCompile Include="main_cpp\Object\StartScene.cpp">
      <Filter>ソース ファイル</Filter>
    </ClCompile>
    <ClCompile Include="main_cpp\Object\TraceNotes.cpp">
      <Filter>ソース ファイル</Filter>
    </ClCompile>
    <ClCompile Include="main_cpp\Object\UIScreen.cpp">
      <Filter>ソース ファイル</Filter>
    </ClCompile>
    <ClCompile Include="main_cpp\wrapper\Math.cpp">
      <Filter>ソース ファイル</Filter>
    </ClCompile>
    <ClCompile Include="Game.cpp">
      <Filter>ソース ファイル</Filter>
    </ClCompile>
    <ClCompile Include="main.cpp">
      <Filter>ソース ファイル</Filter>
    </ClCompile>
  </ItemGroup>
  <ItemGroup>
    <ClInclude Include="main_header\Actors\Actor.h">
      <Filter>ヘッダー ファイル</Filter>
    </ClInclude>
    <ClInclude Include="main_header\Components\CameraComponent.h">
      <Filter>ヘッダー ファイル</Filter>
    </ClInclude>
    <ClInclude Include="main_header\Components\Component.h">
      <Filter>ヘッダー ファイル</Filter>
    </ClInclude>
    <ClInclude Include="main_header\Components\FPSCamera.h">
      <Filter>ヘッダー ファイル</Filter>
    </ClInclude>
    <ClInclude Include="main_header\Components\MoveComponent.h">
      <Filter>ヘッダー ファイル</Filter>
    </ClInclude>
    <ClInclude Include="main_header\Objects\define.h">
      <Filter>ヘッダー ファイル</Filter>
    </ClInclude>
    <ClInclude Include="main_header\Objects\DialogBox.h">
      <Filter>ヘッダー ファイル</Filter>
    </ClInclude>
    <ClInclude Include="main_header\Objects\Font.h">
      <Filter>ヘッダー ファイル</Filter>
    </ClInclude>
    <ClInclude Include="main_header\Objects\FPSActor.h">
      <Filter>ヘッダー ファイル</Filter>
    </ClInclude>
    <ClInclude Include="main_header\Objects\InputSystem.h">
      <Filter>ヘッダー ファイル</Filter>
    </ClInclude>
    <ClInclude Include="main_header\Objects\JacketUI.h">
      <Filter>ヘッダー ファイル</Filter>
    </ClInclude>
    <ClInclude Include="main_header\Objects\LoadNotesFile.h">
      <Filter>ヘッダー ファイル</Filter>
    </ClInclude>
    <ClInclude Include="main_header\Objects\LongNotes.h">
      <Filter>ヘッダー ファイル</Filter>
    </ClInclude>
    <ClInclude Include="main_header\Objects\MainScreen.h">
      <Filter>ヘッダー ファイル</Filter>
    </ClInclude>
    <ClInclude Include="main_header\Objects\MainUI.h">
      <Filter>ヘッダー ファイル</Filter>
    </ClInclude>
    <ClInclude Include="main_header\Objects\notes.h">
      <Filter>ヘッダー ファイル</Filter>
    </ClInclude>
    <ClInclude Include="main_header\Objects\ObjectSampler.h">
      <Filter>ヘッダー ファイル</Filter>
    </ClInclude>
    <ClInclude Include="main_header\Objects\PauseMenu.h">
      <Filter>ヘッダー ファイル</Filter>
    </ClInclude>
    <ClInclude Include="main_header\Objects\Player.h">
      <Filter>ヘッダー ファイル</Filter>
    </ClInclude>
    <ClInclude Include="main_header\Objects\StartScene.h">
      <Filter>ヘッダー ファイル</Filter>
    </ClInclude>
    <ClInclude Include="main_header\Objects\TraceNotes.h">
      <Filter>ヘッダー ファイル</Filter>
    </ClInclude>
    <ClInclude Include="main_header\Objects\UIScreen.h">
      <Filter>ヘッダー ファイル</Filter>
    </ClInclude>
    <ClInclude Include="main_header\Objects\WallNotes.h">
      <Filter>ヘッダー ファイル</Filter>
    </ClInclude>
    <ClInclude Include="main_header\wrapper\MusicInf.h">
      <Filter>ヘッダー ファイル</Filter>
    </ClInclude>
    <ClInclude Include="main_header\wrapper\Math.h">
      <Filter>ヘッダー ファイル</Filter>
    </ClInclude>
    <ClInclude Include="Game.h">
      <Filter>ヘッダー ファイル</Filter>
    </ClInclude>
  </ItemGroup>
  <ItemGroup>
    <None Include="Music\soreha.ogg" />
    <None Include="object\notes.fbx" />
    <None Include="object\notes.mv1" />
    <None Include="object\Notes_blue.fbx" />
    <None Include="object\Notes_blue.mv1" />
    <None Include="object\Notes_green.fbx" />
    <None Include="object\Notes_green.mv1" />
    <None Include="object\Notes_red.fbx" />
    <None Include="object\Notes_red.mv1" />
    <None Include="object\Player.fbx" />
    <None Include="object\Player.mv1" />
    <None Include="object\Stage.fbx" />
    <None Include="object\Stage.mv1" />
    <None Include="object\trace_notes_ball.fbx" />
    <None Include="object\trace_notes_ball.mv1" />
    <None Include="object\trace_notes_pipe.fbx" />
    <None Include="object\trace_notes_pipe.mv1" />
    <None Include="object\wall.fbx" />
    <None Include="object\wall.mv1" />
    <None Include="Text\test.csv" />
    <None Include="Text\soreha.csv" />
  </ItemGroup>
  <ItemGroup>
    <Media Include="Music\touchNotes.wav">
      <Filter>リソース ファイル</Filter>
    </Media>
  </ItemGroup>
  <ItemGroup>
    <Image Include="object\lane.fbm\lane.png">
      <Filter>リソース ファイル</Filter>
    </Image>
    <Image Include="object\lane.fbm\lane_default.png">
      <Filter>リソース ファイル</Filter>
    </Image>
    <Image Include="object\Stage.fbm\box.png">
      <Filter>リソース ファイル</Filter>
    </Image>
    <Image Include="object\Stage.fbm\lane.png">
      <Filter>リソース ファイル</Filter>
    </Image>
    <Image Include="object\Stage.fbm\lane_default.png">
      <Filter>リソース ファイル</Filter>
    </Image>
    <Image Include="object\Stage.fbm\Stage.png">
      <Filter>リソース ファイル</Filter>
    </Image>
    <Image Include="object\Stage.fbm\Universe.png">
      <Filter>リソース ファイル</Filter>
    </Image>
    <Image Include="object\trace_notes.fbm\trace_50.png">
      <Filter>リソース ファイル</Filter>
    </Image>
    <Image Include="object\trace_notes_ball.fbm\trace_25.png">
      <Filter>リソース ファイル</Filter>
    </Image>
    <Image Include="object\trace_notes_ball.fbm\trace_50.png">
      <Filter>リソース ファイル</Filter>
    </Image>
    <Image Include="object\trace_notes_pipe.fbm\trace_25.png">
      <Filter>リソース ファイル</Filter>
    </Image>
    <Image Include="object\trace_notes_pipe.fbm\trace_50.png">
      <Filter>リソース ファイル</Filter>
    </Image>
    <Image Include="object\trace_notes_pipe.fbm\trace_notes_pipe.png">
      <Filter>リソース ファイル</Filter>
    </Image>
    <Image Include="object\wall.fbm\wall.png">
      <Filter>リソース ファイル</Filter>
    </Image>
    <Image Include="object\wall.fbm\wall_50.png">
      <Filter>リソース ファイル</Filter>
    </Image>
    <Image Include="object\Button.png">
      <Filter>リソース ファイル</Filter>
    </Image>
    <Image Include="object\Button_push.png">
      <Filter>リソース ファイル</Filter>
    </Image>
    <Image Include="object\HUD_Background.png">
      <Filter>リソース ファイル</Filter>
    </Image>
    <Image Include="object\soreha.PNG">
      <Filter>リソース ファイル</Filter>
    </Image>
    <Image Include="object\Start.png">
      <Filter>リソース ファイル</Filter>
    </Image>
    <Image Include="object\Textbox.png">
      <Filter>リソース ファイル</Filter>
    </Image>
  </ItemGroup>
  <ItemGroup>
    <Text Include="object\Memo.txt" />
  </ItemGroup>
</Project>